// !$*UTF8*$!
{
	archiveVersion = 1;
	classes = {
	};
	objectVersion = 50;
	objects = {

/* Begin PBXBuildFile section */
		775BADB8225DEF3E0011A3B9 /* AppDelegate.swift in Sources */ = {isa = PBXBuildFile; fileRef = 775BADB7225DEF3E0011A3B9 /* AppDelegate.swift */; };
		775BADBA225DEF3E0011A3B9 /* ViewController.swift in Sources */ = {isa = PBXBuildFile; fileRef = 775BADB9225DEF3E0011A3B9 /* ViewController.swift */; };
		775BADBD225DEF3E0011A3B9 /* Main.storyboard in Resources */ = {isa = PBXBuildFile; fileRef = 775BADBB225DEF3E0011A3B9 /* Main.storyboard */; };
		775BADBF225DEF3F0011A3B9 /* Assets.xcassets in Resources */ = {isa = PBXBuildFile; fileRef = 775BADBE225DEF3F0011A3B9 /* Assets.xcassets */; };
		775BADC2225DEF3F0011A3B9 /* LaunchScreen.storyboard in Resources */ = {isa = PBXBuildFile; fileRef = 775BADC0225DEF3F0011A3B9 /* LaunchScreen.storyboard */; };
		775BADCD225DEF3F0011A3B9 /* PhotoMasterTests.swift in Sources */ = {isa = PBXBuildFile; fileRef = 775BADCC225DEF3F0011A3B9 /* PhotoMasterTests.swift */; };
		775BADD8225DEF3F0011A3B9 /* PhotoMasterUITests.swift in Sources */ = {isa = PBXBuildFile; fileRef = 775BADD7225DEF3F0011A3B9 /* PhotoMasterUITests.swift */; };
/* End PBXBuildFile section */

/* Begin PBXContainerItemProxy section */
		775BADC9225DEF3F0011A3B9 /* PBXContainerItemProxy */ = {
			isa = PBXContainerItemProxy;
			containerPortal = 775BADAC225DEF3E0011A3B9 /* Project object */;
			proxyType = 1;
			remoteGlobalIDString = 775BADB3225DEF3E0011A3B9;
			remoteInfo = PhotoMaster;
		};
		775BADD4225DEF3F0011A3B9 /* PBXContainerItemProxy */ = {
			isa = PBXContainerItemProxy;
			containerPortal = 775BADAC225DEF3E0011A3B9 /* Project object */;
			proxyType = 1;
			remoteGlobalIDString = 775BADB3225DEF3E0011A3B9;
			remoteInfo = PhotoMaster;
		};
/* End PBXContainerItemProxy section */

/* Begin PBXFileReference section */
		775BADB4225DEF3E0011A3B9 /* PhotoMaster.app */ = {isa = PBXFileReference; explicitFileType = wrapper.application; includeInIndex = 0; path = PhotoMaster.app; sourceTree = BUILT_PRODUCTS_DIR; };
		775BADB7225DEF3E0011A3B9 /* AppDelegate.swift */ = {isa = PBXFileReference; lastKnownFileType = sourcecode.swift; path = AppDelegate.swift; sourceTree = "<group>"; };
		775BADB9225DEF3E0011A3B9 /* ViewController.swift */ = {isa = PBXFileReference; lastKnownFileType = sourcecode.swift; path = ViewController.swift; sourceTree = "<group>"; };
		775BADBC225DEF3E0011A3B9 /* Base */ = {isa = PBXFileReference; lastKnownFileType = file.storyboard; name = Base; path = Base.lproj/Main.storyboard; sourceTree = "<group>"; };
		775BADBE225DEF3F0011A3B9 /* Assets.xcassets */ = {isa = PBXFileReference; lastKnownFileType = folder.assetcatalog; path = Assets.xcassets; sourceTree = "<group>"; };
		775BADC1225DEF3F0011A3B9 /* Base */ = {isa = PBXFileReference; lastKnownFileType = file.storyboard; name = Base; path = Base.lproj/LaunchScreen.storyboard; sourceTree = "<group>"; };
		775BADC3225DEF3F0011A3B9 /* Info.plist */ = {isa = PBXFileReference; lastKnownFileType = text.plist.xml; path = Info.plist; sourceTree = "<group>"; };
		775BADC8225DEF3F0011A3B9 /* PhotoMasterTests.xctest */ = {isa = PBXFileReference; explicitFileType = wrapper.cfbundle; includeInIndex = 0; path = PhotoMasterTests.xctest; sourceTree = BUILT_PRODUCTS_DIR; };
		775BADCC225DEF3F0011A3B9 /* PhotoMasterTests.swift */ = {isa = PBXFileReference; lastKnownFileType = sourcecode.swift; path = PhotoMasterTests.swift; sourceTree = "<group>"; };
		775BADCE225DEF3F0011A3B9 /* Info.plist */ = {isa = PBXFileReference; lastKnownFileType = text.plist.xml; path = Info.plist; sourceTree = "<group>"; };
		775BADD3225DEF3F0011A3B9 /* PhotoMasterUITests.xctest */ = {isa = PBXFileReference; explicitFileType = wrapper.cfbundle; includeInIndex = 0; path = PhotoMasterUITests.xctest; sourceTree = BUILT_PRODUCTS_DIR; };
		775BADD7225DEF3F0011A3B9 /* PhotoMasterUITests.swift */ = {isa = PBXFileReference; lastKnownFileType = sourcecode.swift; path = PhotoMasterUITests.swift; sourceTree = "<group>"; };
		775BADD9225DEF3F0011A3B9 /* Info.plist */ = {isa = PBXFileReference; lastKnownFileType = text.plist.xml; path = Info.plist; sourceTree = "<group>"; };
/* End PBXFileReference section */

/* Begin PBXFrameworksBuildPhase section */
		775BADB1225DEF3E0011A3B9 /* Frameworks */ = {
			isa = PBXFrameworksBuildPhase;
			buildActionMask = 2147483647;
			files = (
			);
			runOnlyForDeploymentPostprocessing = 0;
		};
		775BADC5225DEF3F0011A3B9 /* Frameworks */ = {
			isa = PBXFrameworksBuildPhase;
			buildActionMask = 2147483647;
			files = (
			);
			runOnlyForDeploymentPostprocessing = 0;
		};
		775BADD0225DEF3F0011A3B9 /* Frameworks */ = {
			isa = PBXFrameworksBuildPhase;
			buildActionMask = 2147483647;
			files = (
			);
			runOnlyForDeploymentPostprocessing = 0;
		};
/* End PBXFrameworksBuildPhase section */

/* Begin PBXGroup section */
		775BADAB225DEF3E0011A3B9 = {
			isa = PBXGroup;
			children = (
				775BADB6225DEF3E0011A3B9 /* PhotoMaster */,
				775BADCB225DEF3F0011A3B9 /* PhotoMasterTests */,
				775BADD6225DEF3F0011A3B9 /* PhotoMasterUITests */,
				775BADB5225DEF3E0011A3B9 /* Products */,
			);
			sourceTree = "<group>";
		};
		775BADB5225DEF3E0011A3B9 /* Products */ = {
			isa = PBXGroup;
			children = (
				775BADB4225DEF3E0011A3B9 /* PhotoMaster.app */,
				775BADC8225DEF3F0011A3B9 /* PhotoMasterTests.xctest */,
				775BADD3225DEF3F0011A3B9 /* PhotoMasterUITests.xctest */,
			);
			name = Products;
			sourceTree = "<group>";
		};
		775BADB6225DEF3E0011A3B9 /* PhotoMaster */ = {
			isa = PBXGroup;
			children = (
				775BADB7225DEF3E0011A3B9 /* AppDelegate.swift */,
				775BADB9225DEF3E0011A3B9 /* ViewController.swift */,
				775BADBB225DEF3E0011A3B9 /* Main.storyboard */,
				775BADBE225DEF3F0011A3B9 /* Assets.xcassets */,
				775BADC0225DEF3F0011A3B9 /* LaunchScreen.storyboard */,
				775BADC3225DEF3F0011A3B9 /* Info.plist */,
			);
			path = PhotoMaster;
			sourceTree = "<group>";
		};
		775BADCB225DEF3F0011A3B9 /* PhotoMasterTests */ = {
			isa = PBXGroup;
			children = (
				775BADCC225DEF3F0011A3B9 /* PhotoMasterTests.swift */,
				775BADCE225DEF3F0011A3B9 /* Info.plist */,
			);
			path = PhotoMasterTests;
			sourceTree = "<group>";
		};
		775BADD6225DEF3F0011A3B9 /* PhotoMasterUITests */ = {
			isa = PBXGroup;
			children = (
				775BADD7225DEF3F0011A3B9 /* PhotoMasterUITests.swift */,
				775BADD9225DEF3F0011A3B9 /* Info.plist */,
			);
			path = PhotoMasterUITests;
			sourceTree = "<group>";
		};
/* End PBXGroup section */

/* Begin PBXNativeTarget section */
		775BADB3225DEF3E0011A3B9 /* PhotoMaster */ = {
			isa = PBXNativeTarget;
			buildConfigurationList = 775BADDC225DEF3F0011A3B9 /* Build configuration list for PBXNativeTarget "PhotoMaster" */;
			buildPhases = (
				775BADB0225DEF3E0011A3B9 /* Sources */,
				775BADB1225DEF3E0011A3B9 /* Frameworks */,
				775BADB2225DEF3E0011A3B9 /* Resources */,
			);
			buildRules = (
			);
			dependencies = (
			);
			name = PhotoMaster;
			productName = PhotoMaster;
			productReference = 775BADB4225DEF3E0011A3B9 /* PhotoMaster.app */;
			productType = "com.apple.product-type.application";
		};
		775BADC7225DEF3F0011A3B9 /* PhotoMasterTests */ = {
			isa = PBXNativeTarget;
			buildConfigurationList = 775BADDF225DEF3F0011A3B9 /* Build configuration list for PBXNativeTarget "PhotoMasterTests" */;
			buildPhases = (
				775BADC4225DEF3F0011A3B9 /* Sources */,
				775BADC5225DEF3F0011A3B9 /* Frameworks */,
				775BADC6225DEF3F0011A3B9 /* Resources */,
			);
			buildRules = (
			);
			dependencies = (
				775BADCA225DEF3F0011A3B9 /* PBXTargetDependency */,
			);
			name = PhotoMasterTests;
			productName = PhotoMasterTests;
			productReference = 775BADC8225DEF3F0011A3B9 /* PhotoMasterTests.xctest */;
			productType = "com.apple.product-type.bundle.unit-test";
		};
		775BADD2225DEF3F0011A3B9 /* PhotoMasterUITests */ = {
			isa = PBXNativeTarget;
			buildConfigurationList = 775BADE2225DEF3F0011A3B9 /* Build configuration list for PBXNativeTarget "PhotoMasterUITests" */;
			buildPhases = (
				775BADCF225DEF3F0011A3B9 /* Sources */,
				775BADD0225DEF3F0011A3B9 /* Frameworks */,
				775BADD1225DEF3F0011A3B9 /* Resources */,
			);
			buildRules = (
			);
			dependencies = (
				775BADD5225DEF3F0011A3B9 /* PBXTargetDependency */,
			);
			name = PhotoMasterUITests;
			productName = PhotoMasterUITests;
			productReference = 775BADD3225DEF3F0011A3B9 /* PhotoMasterUITests.xctest */;
			productType = "com.apple.product-type.bundle.ui-testing";
		};
/* End PBXNativeTarget section */

/* Begin PBXProject section */
		775BADAC225DEF3E0011A3B9 /* Project object */ = {
			isa = PBXProject;
			attributes = {
				LastSwiftUpdateCheck = 1010;
				LastUpgradeCheck = 1010;
				ORGANIZATIONNAME = "所　紀彦";
				TargetAttributes = {
					775BADB3225DEF3E0011A3B9 = {
						CreatedOnToolsVersion = 10.1;
					};
					775BADC7225DEF3F0011A3B9 = {
						CreatedOnToolsVersion = 10.1;
						TestTargetID = 775BADB3225DEF3E0011A3B9;
					};
					775BADD2225DEF3F0011A3B9 = {
						CreatedOnToolsVersion = 10.1;
						TestTargetID = 775BADB3225DEF3E0011A3B9;
					};
				};
			};
			buildConfigurationList = 775BADAF225DEF3E0011A3B9 /* Build configuration list for PBXProject "PhotoMaster" */;
			compatibilityVersion = "Xcode 9.3";
			developmentRegion = en;
			hasScannedForEncodings = 0;
			knownRegions = (
				en,
				Base,
			);
			mainGroup = 775BADAB225DEF3E0011A3B9;
			productRefGroup = 775BADB5225DEF3E0011A3B9 /* Products */;
			projectDirPath = "";
			projectRoot = "";
			targets = (
				775BADB3225DEF3E0011A3B9 /* PhotoMaster */,
				775BADC7225DEF3F0011A3B9 /* PhotoMasterTests */,
				775BADD2225DEF3F0011A3B9 /* PhotoMasterUITests */,
			);
		};
/* End PBXProject section */

/* Begin PBXResourcesBuildPhase section */
		775BADB2225DEF3E0011A3B9 /* Resources */ = {
			isa = PBXResourcesBuildPhase;
			buildActionMask = 2147483647;
			files = (
				775BADC2225DEF3F0011A3B9 /* LaunchScreen.storyboard in Resources */,
				775BADBF225DEF3F0011A3B9 /* Assets.xcassets in Resources */,
				775BADBD225DEF3E0011A3B9 /* Main.storyboard in Resources */,
			);
			runOnlyForDeploymentPostprocessing = 0;
		};
		775BADC6225DEF3F0011A3B9 /* Resources */ = {
			isa = PBXResourcesBuildPhase;
			buildActionMask = 2147483647;
			files = (
			);
			runOnlyForDeploymentPostprocessing = 0;
		};
		775BADD1225DEF3F0011A3B9 /* Resources */ = {
			isa = PBXResourcesBuildPhase;
			buildActionMask = 2147483647;
			files = (
			);
			runOnlyForDeploymentPostprocessing = 0;
		};
/* End PBXResourcesBuildPhase section */

/* Begin PBXSourcesBuildPhase section */
		775BADB0225DEF3E0011A3B9 /* Sources */ = {
			isa = PBXSourcesBuildPhase;
			buildActionMask = 2147483647;
			files = (
				775BADBA225DEF3E0011A3B9 /* ViewController.swift in Sources */,
				775BADB8225DEF3E0011A3B9 /* AppDelegate.swift in Sources */,
			);
			runOnlyForDeploymentPostprocessing = 0;
		};
		775BADC4225DEF3F0011A3B9 /* Sources */ = {
			isa = PBXSourcesBuildPhase;
			buildActionMask = 2147483647;
			files = (
				775BADCD225DEF3F0011A3B9 /* PhotoMasterTests.swift in Sources */,
			);
			runOnlyForDeploymentPostprocessing = 0;
		};
		775BADCF225DEF3F0011A3B9 /* Sources */ = {
			isa = PBXSourcesBuildPhase;
			buildActionMask = 2147483647;
			files = (
				775BADD8225DEF3F0011A3B9 /* PhotoMasterUITests.swift in Sources */,
			);
			runOnlyForDeploymentPostprocessing = 0;
		};
/* End PBXSourcesBuildPhase section */

/* Begin PBXTargetDependency section */
		775BADCA225DEF3F0011A3B9 /* PBXTargetDependency */ = {
			isa = PBXTargetDependency;
			target = 775BADB3225DEF3E0011A3B9 /* PhotoMaster */;
			targetProxy = 775BADC9225DEF3F0011A3B9 /* PBXContainerItemProxy */;
		};
		775BADD5225DEF3F0011A3B9 /* PBXTargetDependency */ = {
			isa = PBXTargetDependency;
			target = 775BADB3225DEF3E0011A3B9 /* PhotoMaster */;
			targetProxy = 775BADD4225DEF3F0011A3B9 /* PBXContainerItemProxy */;
		};
/* End PBXTargetDependency section */

/* Begin PBXVariantGroup section */
		775BADBB225DEF3E0011A3B9 /* Main.storyboard */ = {
			isa = PBXVariantGroup;
			children = (
				775BADBC225DEF3E0011A3B9 /* Base */,
			);
			name = Main.storyboard;
			sourceTree = "<group>";
		};
		775BADC0225DEF3F0011A3B9 /* LaunchScreen.storyboard */ = {
			isa = PBXVariantGroup;
			children = (
				775BADC1225DEF3F0011A3B9 /* Base */,
			);
			name = LaunchScreen.storyboard;
			sourceTree = "<group>";
		};
/* End PBXVariantGroup section */

/* Begin XCBuildConfiguration section */
		775BADDA225DEF3F0011A3B9 /* Debug */ = {
			isa = XCBuildConfiguration;
			buildSettings = {
				ALWAYS_SEARCH_USER_PATHS = NO;
				CLANG_ANALYZER_NONNULL = YES;
				CLANG_ANALYZER_NUMBER_OBJECT_CONVERSION = YES_AGGRESSIVE;
				CLANG_CXX_LANGUAGE_STANDARD = "gnu++14";
				CLANG_CXX_LIBRARY = "libc++";
				CLANG_ENABLE_MODULES = YES;
				CLANG_ENABLE_OBJC_ARC = YES;
				CLANG_ENABLE_OBJC_WEAK = YES;
				CLANG_WARN_BLOCK_CAPTURE_AUTORELEASING = YES;
				CLANG_WARN_BOOL_CONVERSION = YES;
				CLANG_WARN_COMMA = YES;
				CLANG_WARN_CONSTANT_CONVERSION = YES;
				CLANG_WARN_DEPRECATED_OBJC_IMPLEMENTATIONS = YES;
				CLANG_WARN_DIRECT_OBJC_ISA_USAGE = YES_ERROR;
				CLANG_WARN_DOCUMENTATION_COMMENTS = YES;
				CLANG_WARN_EMPTY_BODY = YES;
				CLANG_WARN_ENUM_CONVERSION = YES;
				CLANG_WARN_INFINITE_RECURSION = YES;
				CLANG_WARN_INT_CONVERSION = YES;
				CLANG_WARN_NON_LITERAL_NULL_CONVERSION = YES;
				CLANG_WARN_OBJC_IMPLICIT_RETAIN_SELF = YES;
				CLANG_WARN_OBJC_LITERAL_CONVERSION = YES;
				CLANG_WARN_OBJC_ROOT_CLASS = YES_ERROR;
				CLANG_WARN_RANGE_LOOP_ANALYSIS = YES;
				CLANG_WARN_STRICT_PROTOTYPES = YES;
				CLANG_WARN_SUSPICIOUS_MOVE = YES;
				CLANG_WARN_UNGUARDED_AVAILABILITY = YES_AGGRESSIVE;
				CLANG_WARN_UNREACHABLE_CODE = YES;
				CLANG_WARN__DUPLICATE_METHOD_MATCH = YES;
				CODE_SIGN_IDENTITY = "iPhone Developer";
				COPY_PHASE_STRIP = NO;
				DEBUG_INFORMATION_FORMAT = dwarf;
				ENABLE_STRICT_OBJC_MSGSEND = YES;
				ENABLE_TESTABILITY = YES;
				GCC_C_LANGUAGE_STANDARD = gnu11;
				GCC_DYNAMIC_NO_PIC = NO;
				GCC_NO_COMMON_BLOCKS = YES;
				GCC_OPTIMIZATION_LEVEL = 0;
				GCC_PREPROCESSOR_DEFINITIONS = (
					"DEBUG=1",
					"$(inherited)",
				);
				GCC_WARN_64_TO_32_BIT_CONVERSION = YES;
				GCC_WARN_ABOUT_RETURN_TYPE = YES_ERROR;
				GCC_WARN_UNDECLARED_SELECTOR = YES;
				GCC_WARN_UNINITIALIZED_AUTOS = YES_AGGRESSIVE;
				GCC_WARN_UNUSED_FUNCTION = YES;
				GCC_WARN_UNUSED_VARIABLE = YES;
				IPHONEOS_DEPLOYMENT_TARGET = 12.1;
				MTL_ENABLE_DEBUG_INFO = INCLUDE_SOURCE;
				MTL_FAST_MATH = YES;
				ONLY_ACTIVE_ARCH = YES;
				SDKROOT = iphoneos;
				SWIFT_ACTIVE_COMPILATION_CONDITIONS = DEBUG;
				SWIFT_OPTIMIZATION_LEVEL = "-Onone";
			};
			name = Debug;
		};
		775BADDB225DEF3F0011A3B9 /* Release */ = {
			isa = XCBuildConfiguration;
			buildSettings = {
				ALWAYS_SEARCH_USER_PATHS = NO;
				CLANG_ANALYZER_NONNULL = YES;
				CLANG_ANALYZER_NUMBER_OBJECT_CONVERSION = YES_AGGRESSIVE;
				CLANG_CXX_LANGUAGE_STANDARD = "gnu++14";
				CLANG_CXX_LIBRARY = "libc++";
				CLANG_ENABLE_MODULES = YES;
				CLANG_ENABLE_OBJC_ARC = YES;
				CLANG_ENABLE_OBJC_WEAK = YES;
				CLANG_WARN_BLOCK_CAPTURE_AUTORELEASING = YES;
				CLANG_WARN_BOOL_CONVERSION = YES;
				CLANG_WARN_COMMA = YES;
				CLANG_WARN_CONSTANT_CONVERSION = YES;
				CLANG_WARN_DEPRECATED_OBJC_IMPLEMENTATIONS = YES;
				CLANG_WARN_DIRECT_OBJC_ISA_USAGE = YES_ERROR;
				CLANG_WARN_DOCUMENTATION_COMMENTS = YES;
				CLANG_WARN_EMPTY_BODY = YES;
				CLANG_WARN_ENUM_CONVERSION = YES;
				CLANG_WARN_INFINITE_RECURSION = YES;
				CLANG_WARN_INT_CONVERSION = YES;
				CLANG_WARN_NON_LITERAL_NULL_CONVERSION = YES;
				CLANG_WARN_OBJC_IMPLICIT_RETAIN_SELF = YES;
				CLANG_WARN_OBJC_LITERAL_CONVERSION = YES;
				CLANG_WARN_OBJC_ROOT_CLASS = YES_ERROR;
				CLANG_WARN_RANGE_LOOP_ANALYSIS = YES;
				CLANG_WARN_STRICT_PROTOTYPES = YES;
				CLANG_WARN_SUSPICIOUS_MOVE = YES;
				CLANG_WARN_UNGUARDED_AVAILABILITY = YES_AGGRESSIVE;
				CLANG_WARN_UNREACHABLE_CODE = YES;
				CLANG_WARN__DUPLICATE_METHOD_MATCH = YES;
				CODE_SIGN_IDENTITY = "iPhone Developer";
				COPY_PHASE_STRIP = NO;
				DEBUG_INFORMATION_FORMAT = "dwarf-with-dsym";
				ENABLE_NS_ASSERTIONS = NO;
				ENABLE_STRICT_OBJC_MSGSEND = YES;
				GCC_C_LANGUAGE_STANDARD = gnu11;
				GCC_NO_COMMON_BLOCKS = YES;
				GCC_WARN_64_TO_32_BIT_CONVERSION = YES;
				GCC_WARN_ABOUT_RETURN_TYPE = YES_ERROR;
				GCC_WARN_UNDECLARED_SELECTOR = YES;
				GCC_WARN_UNINITIALIZED_AUTOS = YES_AGGRESSIVE;
				GCC_WARN_UNUSED_FUNCTION = YES;
				GCC_WARN_UNUSED_VARIABLE = YES;
				IPHONEOS_DEPLOYMENT_TARGET = 12.1;
				MTL_ENABLE_DEBUG_INFO = NO;
				MTL_FAST_MATH = YES;
				SDKROOT = iphoneos;
				SWIFT_COMPILATION_MODE = wholemodule;
				SWIFT_OPTIMIZATION_LEVEL = "-O";
				VALIDATE_PRODUCT = YES;
			};
			name = Release;
		};
		775BADDD225DEF3F0011A3B9 /* Debug */ = {
			isa = XCBuildConfiguration;
			buildSettings = {
				ASSETCATALOG_COMPILER_APPICON_NAME = AppIcon;
				CODE_SIGN_STYLE = Automatic;
				INFOPLIST_FILE = PhotoMaster/Info.plist;
				LD_RUNPATH_SEARCH_PATHS = (
					"$(inherited)",
					"@executable_path/Frameworks",
				);
				PRODUCT_BUNDLE_IDENTIFIER = minutoni.PhotoMaster;
				PRODUCT_NAME = "$(TARGET_NAME)";
				SWIFT_VERSION = 4.2;
				TARGETED_DEVICE_FAMILY = "1,2";
			};
			name = Debug;
		};
		775BADDE225DEF3F0011A3B9 /* Release */ = {
			isa = XCBuildConfiguration;
			buildSettings = {
				ASSETCATALOG_COMPILER_APPICON_NAME = AppIcon;
				CODE_SIGN_STYLE = Automatic;
				INFOPLIST_FILE = PhotoMaster/Info.plist;
				LD_RUNPATH_SEARCH_PATHS = (
					"$(inherited)",
					"@executable_path/Frameworks",
				);
				PRODUCT_BUNDLE_IDENTIFIER = minutoni.PhotoMaster;
				PRODUCT_NAME = "$(TARGET_NAME)";
				SWIFT_VERSION = 4.2;
				TARGETED_DEVICE_FAMILY = "1,2";
			};
			name = Release;
		};
		775BADE0225DEF3F0011A3B9 /* Debug */ = {
			isa = XCBuildConfiguration;
			buildSettings = {
				ALWAYS_EMBED_SWIFT_STANDARD_LIBRARIES = YES;
				BUNDLE_LOADER = "$(TEST_HOST)";
				CODE_SIGN_STYLE = Automatic;
				INFOPLIST_FILE = PhotoMasterTests/Info.plist;
				LD_RUNPATH_SEARCH_PATHS = (
					"$(inherited)",
					"@executable_path/Frameworks",
					"@loader_path/Frameworks",
				);
				PRODUCT_BUNDLE_IDENTIFIER = minutoni.PhotoMasterTests;
				PRODUCT_NAME = "$(TARGET_NAME)";
				SWIFT_VERSION = 4.2;
				TARGETED_DEVICE_FAMILY = "1,2";
				TEST_HOST = "$(BUILT_PRODUCTS_DIR)/PhotoMaster.app/PhotoMaster";
			};
			name = Debug;
		};
		775BADE1225DEF3F0011A3B9 /* Release */ = {
			isa = XCBuildConfiguration;
			buildSettings = {
				ALWAYS_EMBED_SWIFT_STANDARD_LIBRARIES = YES;
				BUNDLE_LOADER = "$(TEST_HOST)";
				CODE_SIGN_STYLE = Automatic;
				INFOPLIST_FILE = PhotoMasterTests/Info.plist;
				LD_RUNPATH_SEARCH_PATHS = (
					"$(inherited)",
					"@executable_path/Frameworks",
					"@loader_path/Frameworks",
				);
				PRODUCT_BUNDLE_IDENTIFIER = minutoni.PhotoMasterTests;
				PRODUCT_NAME = "$(TARGET_NAME)";
				SWIFT_VERSION = 4.2;
				TARGETED_DEVICE_FAMILY = "1,2";
				TEST_HOST = "$(BUILT_PRODUCTS_DIR)/PhotoMaster.app/PhotoMaster";
			};
			name = Release;
		};
		775BADE3225DEF3F0011A3B9 /* Debug */ = {
			isa = XCBuildConfiguration;
			buildSettings = {
				ALWAYS_EMBED_SWIFT_STANDARD_LIBRARIES = YES;
				CODE_SIGN_STYLE = Automatic;
				INFOPLIST_FILE = PhotoMasterUITests/Info.plist;
				LD_RUNPATH_SEARCH_PATHS = (
					"$(inherited)",
					"@executable_path/Frameworks",
					"@loader_path/Frameworks",
				);
				PRODUCT_BUNDLE_IDENTIFIER = minutoni.PhotoMasterUITests;
				PRODUCT_NAME = "$(TARGET_NAME)";
				SWIFT_VERSION = 4.2;
				TARGETED_DEVICE_FAMILY = "1,2";
				TEST_TARGET_NAME = PhotoMaster;
			};
			name = Debug;
		};
		775BADE4225DEF3F0011A3B9 /* Release */ = {
			isa = XCBuildConfiguration;
			buildSettings = {
				ALWAYS_EMBED_SWIFT_STANDARD_LIBRARIES = YES;
				CODE_SIGN_STYLE = Automatic;
				INFOPLIST_FILE = PhotoMasterUITests/Info.plist;
				LD_RUNPATH_SEARCH_PATHS = (
					"$(inherited)",
					"@executable_path/Frameworks",
					"@loader_path/Frameworks",
				);
				PRODUCT_BUNDLE_IDENTIFIER = minutoni.PhotoMasterUITests;
				PRODUCT_NAME = "$(TARGET_NAME)";
				SWIFT_VERSION = 4.2;
				TARGETED_DEVICE_FAMILY = "1,2";
				TEST_TARGET_NAME = PhotoMaster;
			};
			name = Release;
		};
/* End XCBuildConfiguration section */

/* Begin XCConfigurationList section */
		775BADAF225DEF3E0011A3B9 /* Build configuration list for PBXProject "PhotoMaster" */ = {
			isa = XCConfigurationList;
			buildConfigurations = (
				775BADDA225DEF3F0011A3B9 /* Debug */,
				775BADDB225DEF3F0011A3B9 /* Release */,
			);
			defaultConfigurationIsVisible = 0;
			defaultConfigurationName = Release;
		};
		775BADDC225DEF3F0011A3B9 /* Build configuration list for PBXNativeTarget "PhotoMaster" */ = {
			isa = XCConfigurationList;
			buildConfigurations = (
				775BADDD225DEF3F0011A3B9 /* Debug */,
				775BADDE225DEF3F0011A3B9 /* Release */,
			);
			defaultConfigurationIsVisible = 0;
			defaultConfigurationName = Release;
		};
		775BADDF225DEF3F0011A3B9 /* Build configuration list for PBXNativeTarget "PhotoMasterTests" */ = {
			isa = XCConfigurationList;
			buildConfigurations = (
				775BADE0225DEF3F0011A3B9 /* Debug */,
				775BADE1225DEF3F0011A3B9 /* Release */,
			);
			defaultConfigurationIsVisible = 0;
			defaultConfigurationName = Release;
		};
		775BADE2225DEF3F0011A3B9 /* Build configuration list for PBXNativeTarget "PhotoMasterUITests" */ = {
			isa = XCConfigurationList;
			buildConfigurations = (
				775BADE3225DEF3F0011A3B9 /* Debug */,
				775BADE4225DEF3F0011A3B9 /* Release */,
			);
			defaultConfigurationIsVisible = 0;
			defaultConfigurationName = Release;
		};
/* End XCConfigurationList section */
	};
	rootObject = 775BADAC225DEF3E0011A3B9 /* Project object */;
}
